PODS:
  - flutter_inappwebview_macos (0.0.1):
    - FlutterMacOS
    - OrderedSet (~> 6.0.3)
  - FlutterMacOS (1.0.0)
  - no_screenshot (0.3.2-beta.3):
    - FlutterMacOS
  - OrderedSet (6.0.3)
  - pdfrx (0.0.3):
    - Flutter
    - FlutterMacOS

DEPENDENCIES:
  - flutter_inappwebview_macos (from `Flutter/ephemeral/.symlinks/plugins/flutter_inappwebview_macos/macos`)
  - FlutterMacOS (from `Flutter/ephemeral`)
  - no_screenshot (from `Flutter/ephemeral/.symlinks/plugins/no_screenshot/macos`)
  - pdfrx (from `Flutter/ephemeral/.symlinks/plugins/pdfrx/darwin`)

SPEC REPOS:
  trunk:
    - OrderedSet

EXTERNAL SOURCES:
  flutter_inappwebview_macos:
    :path: Flutter/ephemeral/.symlinks/plugins/flutter_inappwebview_macos/macos
  FlutterMacOS:
    :path: Flutter/ephemeral
  no_screenshot:
    :path: Flutter/ephemeral/.symlinks/plugins/no_screenshot/macos
  pdfrx:
    :path: Flutter/ephemeral/.symlinks/plugins/pdfrx/darwin

SPEC CHECKSUMS:
  flutter_inappwebview_macos: bdf207b8f4ebd58e86ae06cd96b147de99a67c9b
  FlutterMacOS: 8f6f14fa908a6fb3fba0cd85dbd81ec4b251fb24
  no_screenshot: 6b7ccfe089b21d25fecd43e90bea2f0523c96e3b
  OrderedSet: e539b66b644ff081c73a262d24ad552a69be3a94
  pdfrx: 07fc287c47ea8d027c4ed56457f8a1aa74d73594

PODFILE CHECKSUM: 7eb978b976557c8c1cd717d8185ec483fd090a82

COCOAPODS: 1.16.2
